
Microsoft Visual Studio Solution File, Format Version 12.00
# Visual Studio 2012
Project("{FAE04EC0-301F-11D3-BF4B-00C04F79EFBC}") = "simplify", "simplify\simplify.csproj", "{403650AD-FE7C-4C85-86DA-1DC84DDA2695}"
EndProject
Global
	GlobalSection(SolutionConfigurationPlatforms) = preSolution
		Debug|x86 = Debug|x86
		Release|x86 = Release|x86
	EndGlobalSection
	GlobalSection(ProjectConfigurationPlatforms) = postSolution
		{403650AD-FE7C-4C85-86DA-1DC84DDA2695}.Debug|x86.ActiveCfg = Debug|x86
		{403650AD-FE7C-4C85-86DA-1DC84DDA2695}.Debug|x86.Build.0 = Debug|x86
		{403650AD-FE7C-4C85-86DA-1DC84DDA2695}.Release|x86.ActiveCfg = Release|x86
		{403650AD-FE7C-4C85-86DA-1DC84DDA2695}.Release|x86.Build.0 = Release|x86
	EndGlobalSection
EndGlobal
